
Microsoft Visual Studio Solution File, Format Version 12.00
# Visual Studio Version 16
VisualStudioVersion = 16.0.29926.136
MinimumVisualStudioVersion = 10.0.40219.1
Project("{9A19103F-16F7-4668-BE54-9A1E7A4F7556}") = "Alpaca.CoverCalibrator", "Alpaca.CoverCalibrator\Alpaca.CoverCalibrator.csproj", "{C9684699-DA38-419E-BAEE-AE4A4D052D54}"
EndProject
Project("{9A19103F-16F7-4668-BE54-9A1E7A4F7556}") = "CoverCalibratorSimulator", "CoverCalibratorSimulator\CoverCalibratorSimulator.csproj", "{00FEEED5-1C4E-4904-B566-61230550781C}"
EndProject
Project("{FAE04EC0-301F-11D3-BF4B-00C04F79EFBC}") = "ASCOM.Simulator.CoverCalibrator", "ASCOM.Simulator.CoverCalibrator\ASCOM.Simulator.CoverCalibrator.csproj", "{C708E487-E3A9-4073-A545-294B88674225}"
EndProject
Global
	GlobalSection(SolutionConfigurationPlatforms) = preSolution
		Debug|Any CPU = Debug|Any CPU
		Release|Any CPU = Release|Any CPU
	EndGlobalSection
	GlobalSection(ProjectConfigurationPlatforms) = postSolution
		{C9684699-DA38-419E-BAEE-AE4A4D052D54}.Debug|Any CPU.ActiveCfg = Debug|Any CPU
		{C9684699-DA38-419E-BAEE-AE4A4D052D54}.Debug|Any CPU.Build.0 = Debug|Any CPU
		{C9684699-DA38-419E-BAEE-AE4A4D052D54}.Release|Any CPU.ActiveCfg = Release|Any CPU
		{C9684699-DA38-419E-BAEE-AE4A4D052D54}.Release|Any CPU.Build.0 = Release|Any CPU
		{00FEEED5-1C4E-4904-B566-61230550781C}.Debug|Any CPU.ActiveCfg = Debug|Any CPU
		{00FEEED5-1C4E-4904-B566-61230550781C}.Debug|Any CPU.Build.0 = Debug|Any CPU
		{00FEEED5-1C4E-4904-B566-61230550781C}.Release|Any CPU.ActiveCfg = Release|Any CPU
		{00FEEED5-1C4E-4904-B566-61230550781C}.Release|Any CPU.Build.0 = Release|Any CPU
		{C708E487-E3A9-4073-A545-294B88674225}.Debug|Any CPU.ActiveCfg = Debug|Any CPU
		{C708E487-E3A9-4073-A545-294B88674225}.Debug|Any CPU.Build.0 = Debug|Any CPU
		{C708E487-E3A9-4073-A545-294B88674225}.Release|Any CPU.ActiveCfg = Release|Any CPU
		{C708E487-E3A9-4073-A545-294B88674225}.Release|Any CPU.Build.0 = Release|Any CPU
	EndGlobalSection
	GlobalSection(SolutionProperties) = preSolution
		HideSolutionNode = FALSE
	EndGlobalSection
	GlobalSection(ExtensibilityGlobals) = postSolution
		SolutionGuid = {26545A69-C7C5-4229-B2EF-217E43D62697}
	EndGlobalSection
EndGlobal
